PODS:
  - SnapKit (5.6.0)
  - Spring (1.0.6)

DEPENDENCIES:
  - SnapKit
  - Spring (from `https://github.com/MengTo/Spring.git`)

SPEC REPOS:
  trunk:
    - SnapKit

EXTERNAL SOURCES:
  Spring:
    :git: https://github.com/MengTo/Spring.git

CHECKOUT OPTIONS:
  Spring:
    :commit: 50d92a5b9e08848387ae95bf44c6ad20834f7083
    :git: https://github.com/MengTo/Spring.git

SPEC CHECKSUMS:
  SnapKit: e01d52ebb8ddbc333eefe2132acf85c8227d9c25
  Spring: 3d113f14575ef79aec9c5f906dfa4f5001c03254

PODFILE CHECKSUM: be667a6a37e9bb2138b401fae9eda100b4b26151

COCOAPODS: 1.11.3
